
Microsoft Visual Studio Solution File, Format Version 12.00
# Visual Studio 2013
VisualStudioVersion = 12.0.40629.0
MinimumVisualStudioVersion = 10.0.40219.1
Project("{FAE04EC0-301F-11D3-BF4B-00C04F79EFBC}") = "GMTools.Bootstrapper", "GMTools.Bootstrapper\GMTools.Bootstrapper.csproj", "{0CAD798A-03CB-41A1-A610-23B47C3D8CF0}"
EndProject
Project("{FAE04EC0-301F-11D3-BF4B-00C04F79EFBC}") = "GMTools.Dependencies", "GMTools.Dependencies\GMTools.Dependencies.csproj", "{70F1D287-BBDB-4D64-B88C-B5A87EC36C73}"
EndProject
Project("{FAE04EC0-301F-11D3-BF4B-00C04F79EFBC}") = "GMTools.Utilities", "GMTools.Utilities\GMTools.Utilities.csproj", "{B0579EAF-7C64-4171-8DF3-D0D36163EE37}"
EndProject
Global
	GlobalSection(SolutionConfigurationPlatforms) = preSolution
		Debug|Any CPU = Debug|Any CPU
		Release|Any CPU = Release|Any CPU
	EndGlobalSection
	GlobalSection(ProjectConfigurationPlatforms) = postSolution
		{0CAD798A-03CB-41A1-A610-23B47C3D8CF0}.Debug|Any CPU.ActiveCfg = Debug|Any CPU
		{0CAD798A-03CB-41A1-A610-23B47C3D8CF0}.Debug|Any CPU.Build.0 = Debug|Any CPU
		{0CAD798A-03CB-41A1-A610-23B47C3D8CF0}.Release|Any CPU.ActiveCfg = Release|Any CPU
		{0CAD798A-03CB-41A1-A610-23B47C3D8CF0}.Release|Any CPU.Build.0 = Release|Any CPU
		{70F1D287-BBDB-4D64-B88C-B5A87EC36C73}.Debug|Any CPU.ActiveCfg = Debug|Any CPU
		{70F1D287-BBDB-4D64-B88C-B5A87EC36C73}.Debug|Any CPU.Build.0 = Debug|Any CPU
		{70F1D287-BBDB-4D64-B88C-B5A87EC36C73}.Release|Any CPU.ActiveCfg = Release|Any CPU
		{70F1D287-BBDB-4D64-B88C-B5A87EC36C73}.Release|Any CPU.Build.0 = Release|Any CPU
		{B0579EAF-7C64-4171-8DF3-D0D36163EE37}.Debug|Any CPU.ActiveCfg = Debug|Any CPU
		{B0579EAF-7C64-4171-8DF3-D0D36163EE37}.Debug|Any CPU.Build.0 = Debug|Any CPU
		{B0579EAF-7C64-4171-8DF3-D0D36163EE37}.Release|Any CPU.ActiveCfg = Release|Any CPU
		{B0579EAF-7C64-4171-8DF3-D0D36163EE37}.Release|Any CPU.Build.0 = Release|Any CPU
	EndGlobalSection
	GlobalSection(SolutionProperties) = preSolution
		HideSolutionNode = FALSE
	EndGlobalSection
EndGlobal
